// !$*UTF8*$!
{
	archiveVersion = 1;
	classes = {
	};
	objectVersion = 56;
	objects = {

/* Begin PBXBuildFile section */
		160084F1BEDA979B4A770054 /* Pods_PromoApp.framework in Frameworks */ = {isa = PBXBuildFile; fileRef = BE55925345E8FB321E9280A7 /* Pods_PromoApp.framework */; };
		2E418F2C9486B0804FD7DE8F /* Pods_PromoAppTests.framework in Frameworks */ = {isa = PBXBuildFile; fileRef = E1DEE878F716BB5207BFCCBD /* Pods_PromoAppTests.framework */; };
		610D06AD2B63AAED00721994 /* Promo.swift in Sources */ = {isa = PBXBuildFile; fileRef = 610D06AC2B63AAED00721994 /* Promo.swift */; };
		610D06AF2B63AE7100721994 /* PromoCardView.swift in Sources */ = {isa = PBXBuildFile; fileRef = 610D06AE2B63AE7100721994 /* PromoCardView.swift */; };
		610D06B12B63BD5500721994 /* PromoCollectionViewCell.swift in Sources */ = {isa = PBXBuildFile; fileRef = 610D06B02B63BD5500721994 /* PromoCollectionViewCell.swift */; };
		610D06B32B63D6C000721994 /* DetailViewController.swift in Sources */ = {isa = PBXBuildFile; fileRef = 610D06B22B63D6C000721994 /* DetailViewController.swift */; };
		610D06B72B63F5C500721994 /* APIConstants.swift in Sources */ = {isa = PBXBuildFile; fileRef = 610D06B62B63F5C500721994 /* APIConstants.swift */; };
		610D06B92B63F60D00721994 /* APIRouter.swift in Sources */ = {isa = PBXBuildFile; fileRef = 610D06B82B63F60D00721994 /* APIRouter.swift */; };
		610D06BB2B63F66C00721994 /* APIClient.swift in Sources */ = {isa = PBXBuildFile; fileRef = 610D06BA2B63F66C00721994 /* APIClient.swift */; };
		610D06C22B63FC1F00721994 /* UIImageView+Extension.swift in Sources */ = {isa = PBXBuildFile; fileRef = 610D06C12B63FC1F00721994 /* UIImageView+Extension.swift */; };
		610D06C42B63FD0100721994 /* PromoListInteractor.swift in Sources */ = {isa = PBXBuildFile; fileRef = 610D06C32B63FD0100721994 /* PromoListInteractor.swift */; };
		610D06C62B63FF1C00721994 /* PromoListProtocols.swift in Sources */ = {isa = PBXBuildFile; fileRef = 610D06C52B63FF1C00721994 /* PromoListProtocols.swift */; };
		610D06C92B63FF5A00721994 /* PromoListRepository.swift in Sources */ = {isa = PBXBuildFile; fileRef = 610D06C82B63FF5A00721994 /* PromoListRepository.swift */; };
		611E2C682B63A35A0088B7FC /* AppDelegate.swift in Sources */ = {isa = PBXBuildFile; fileRef = 611E2C672B63A35A0088B7FC /* AppDelegate.swift */; };
		611E2C6A2B63A35A0088B7FC /* SceneDelegate.swift in Sources */ = {isa = PBXBuildFile; fileRef = 611E2C692B63A35A0088B7FC /* SceneDelegate.swift */; };
		611E2C6C2B63A35A0088B7FC /* PromoListController.swift in Sources */ = {isa = PBXBuildFile; fileRef = 611E2C6B2B63A35A0088B7FC /* PromoListController.swift */; };
		611E2C712B63A35C0088B7FC /* Assets.xcassets in Resources */ = {isa = PBXBuildFile; fileRef = 611E2C702B63A35C0088B7FC /* Assets.xcassets */; };
		611E2C742B63A35C0088B7FC /* LaunchScreen.storyboard in Resources */ = {isa = PBXBuildFile; fileRef = 611E2C722B63A35C0088B7FC /* LaunchScreen.storyboard */; };
		611E2C7F2B63A35C0088B7FC /* PromoAppTests.swift in Sources */ = {isa = PBXBuildFile; fileRef = 611E2C7E2B63A35C0088B7FC /* PromoAppTests.swift */; };
		611E2C892B63A35C0088B7FC /* PromoAppUITests.swift in Sources */ = {isa = PBXBuildFile; fileRef = 611E2C882B63A35C0088B7FC /* PromoAppUITests.swift */; };
		611E2C8B2B63A35C0088B7FC /* PromoAppUITestsLaunchTests.swift in Sources */ = {isa = PBXBuildFile; fileRef = 611E2C8A2B63A35C0088B7FC /* PromoAppUITestsLaunchTests.swift */; };
		E6884FFF0D74BAE26A3964D8 /* Pods_PromoApp_PromoAppUITests.framework in Frameworks */ = {isa = PBXBuildFile; fileRef = 6891FF1ECBF217C3768A3C98 /* Pods_PromoApp_PromoAppUITests.framework */; };
/* End PBXBuildFile section */

/* Begin PBXContainerItemProxy section */
		611E2C7B2B63A35C0088B7FC /* PBXContainerItemProxy */ = {
			isa = PBXContainerItemProxy;
			containerPortal = 611E2C5C2B63A35A0088B7FC /* Project object */;
			proxyType = 1;
			remoteGlobalIDString = 611E2C632B63A35A0088B7FC;
			remoteInfo = PromoApp;
		};
		611E2C852B63A35C0088B7FC /* PBXContainerItemProxy */ = {
			isa = PBXContainerItemProxy;
			containerPortal = 611E2C5C2B63A35A0088B7FC /* Project object */;
			proxyType = 1;
			remoteGlobalIDString = 611E2C632B63A35A0088B7FC;
			remoteInfo = PromoApp;
		};
/* End PBXContainerItemProxy section */

/* Begin PBXFileReference section */
		33D1E54724A9C9B7AF4FB75C /* Pods-PromoAppTests.debug.xcconfig */ = {isa = PBXFileReference; includeInIndex = 1; lastKnownFileType = text.xcconfig; name = "Pods-PromoAppTests.debug.xcconfig"; path = "Target Support Files/Pods-PromoAppTests/Pods-PromoAppTests.debug.xcconfig"; sourceTree = "<group>"; };
		5B88455B8637BA1D609F543B /* Pods-PromoApp.release.xcconfig */ = {isa = PBXFileReference; includeInIndex = 1; lastKnownFileType = text.xcconfig; name = "Pods-PromoApp.release.xcconfig"; path = "Target Support Files/Pods-PromoApp/Pods-PromoApp.release.xcconfig"; sourceTree = "<group>"; };
		610D06AC2B63AAED00721994 /* Promo.swift */ = {isa = PBXFileReference; lastKnownFileType = sourcecode.swift; path = Promo.swift; sourceTree = "<group>"; };
		610D06AE2B63AE7100721994 /* PromoCardView.swift */ = {isa = PBXFileReference; lastKnownFileType = sourcecode.swift; path = PromoCardView.swift; sourceTree = "<group>"; };
		610D06B02B63BD5500721994 /* PromoCollectionViewCell.swift */ = {isa = PBXFileReference; lastKnownFileType = sourcecode.swift; path = PromoCollectionViewCell.swift; sourceTree = "<group>"; };
		610D06B22B63D6C000721994 /* DetailViewController.swift */ = {isa = PBXFileReference; lastKnownFileType = sourcecode.swift; path = DetailViewController.swift; sourceTree = "<group>"; };
		610D06B62B63F5C500721994 /* APIConstants.swift */ = {isa = PBXFileReference; lastKnownFileType = sourcecode.swift; path = APIConstants.swift; sourceTree = "<group>"; };
		610D06B82B63F60D00721994 /* APIRouter.swift */ = {isa = PBXFileReference; lastKnownFileType = sourcecode.swift; path = APIRouter.swift; sourceTree = "<group>"; };
		610D06BA2B63F66C00721994 /* APIClient.swift */ = {isa = PBXFileReference; lastKnownFileType = sourcecode.swift; path = APIClient.swift; sourceTree = "<group>"; };
		610D06C12B63FC1F00721994 /* UIImageView+Extension.swift */ = {isa = PBXFileReference; lastKnownFileType = sourcecode.swift; path = "UIImageView+Extension.swift"; sourceTree = "<group>"; };
		610D06C32B63FD0100721994 /* PromoListInteractor.swift */ = {isa = PBXFileReference; lastKnownFileType = sourcecode.swift; path = PromoListInteractor.swift; sourceTree = "<group>"; };
		610D06C52B63FF1C00721994 /* PromoListProtocols.swift */ = {isa = PBXFileReference; lastKnownFileType = sourcecode.swift; path = PromoListProtocols.swift; sourceTree = "<group>"; };
		610D06C82B63FF5A00721994 /* PromoListRepository.swift */ = {isa = PBXFileReference; lastKnownFileType = sourcecode.swift; path = PromoListRepository.swift; sourceTree = "<group>"; };
		611E2C642B63A35A0088B7FC /* PromoApp.app */ = {isa = PBXFileReference; explicitFileType = wrapper.application; includeInIndex = 0; path = PromoApp.app; sourceTree = BUILT_PRODUCTS_DIR; };
		611E2C672B63A35A0088B7FC /* AppDelegate.swift */ = {isa = PBXFileReference; lastKnownFileType = sourcecode.swift; path = AppDelegate.swift; sourceTree = "<group>"; };
		611E2C692B63A35A0088B7FC /* SceneDelegate.swift */ = {isa = PBXFileReference; lastKnownFileType = sourcecode.swift; path = SceneDelegate.swift; sourceTree = "<group>"; };
		611E2C6B2B63A35A0088B7FC /* PromoListController.swift */ = {isa = PBXFileReference; lastKnownFileType = sourcecode.swift; path = PromoListController.swift; sourceTree = "<group>"; };
		611E2C702B63A35C0088B7FC /* Assets.xcassets */ = {isa = PBXFileReference; lastKnownFileType = folder.assetcatalog; path = Assets.xcassets; sourceTree = "<group>"; };
		611E2C732B63A35C0088B7FC /* Base */ = {isa = PBXFileReference; lastKnownFileType = file.storyboard; name = Base; path = Base.lproj/LaunchScreen.storyboard; sourceTree = "<group>"; };
		611E2C752B63A35C0088B7FC /* Info.plist */ = {isa = PBXFileReference; lastKnownFileType = text.plist.xml; path = Info.plist; sourceTree = "<group>"; };
		611E2C7A2B63A35C0088B7FC /* PromoAppTests.xctest */ = {isa = PBXFileReference; explicitFileType = wrapper.cfbundle; includeInIndex = 0; path = PromoAppTests.xctest; sourceTree = BUILT_PRODUCTS_DIR; };
		611E2C7E2B63A35C0088B7FC /* PromoAppTests.swift */ = {isa = PBXFileReference; lastKnownFileType = sourcecode.swift; path = PromoAppTests.swift; sourceTree = "<group>"; };
		611E2C842B63A35C0088B7FC /* PromoAppUITests.xctest */ = {isa = PBXFileReference; explicitFileType = wrapper.cfbundle; includeInIndex = 0; path = PromoAppUITests.xctest; sourceTree = BUILT_PRODUCTS_DIR; };
		611E2C882B63A35C0088B7FC /* PromoAppUITests.swift */ = {isa = PBXFileReference; lastKnownFileType = sourcecode.swift; path = PromoAppUITests.swift; sourceTree = "<group>"; };
		611E2C8A2B63A35C0088B7FC /* PromoAppUITestsLaunchTests.swift */ = {isa = PBXFileReference; lastKnownFileType = sourcecode.swift; path = PromoAppUITestsLaunchTests.swift; sourceTree = "<group>"; };
		6891FF1ECBF217C3768A3C98 /* Pods_PromoApp_PromoAppUITests.framework */ = {isa = PBXFileReference; explicitFileType = wrapper.framework; includeInIndex = 0; path = Pods_PromoApp_PromoAppUITests.framework; sourceTree = BUILT_PRODUCTS_DIR; };
		6B886769E5B5ADC976269BAB /* Pods-PromoAppTests.release.xcconfig */ = {isa = PBXFileReference; includeInIndex = 1; lastKnownFileType = text.xcconfig; name = "Pods-PromoAppTests.release.xcconfig"; path = "Target Support Files/Pods-PromoAppTests/Pods-PromoAppTests.release.xcconfig"; sourceTree = "<group>"; };
		837A97C53527241FD9D3E658 /* Pods-PromoApp-PromoAppUITests.release.xcconfig */ = {isa = PBXFileReference; includeInIndex = 1; lastKnownFileType = text.xcconfig; name = "Pods-PromoApp-PromoAppUITests.release.xcconfig"; path = "Target Support Files/Pods-PromoApp-PromoAppUITests/Pods-PromoApp-PromoAppUITests.release.xcconfig"; sourceTree = "<group>"; };
		BE55925345E8FB321E9280A7 /* Pods_PromoApp.framework */ = {isa = PBXFileReference; explicitFileType = wrapper.framework; includeInIndex = 0; path = Pods_PromoApp.framework; sourceTree = BUILT_PRODUCTS_DIR; };
		E1DEE878F716BB5207BFCCBD /* Pods_PromoAppTests.framework */ = {isa = PBXFileReference; explicitFileType = wrapper.framework; includeInIndex = 0; path = Pods_PromoAppTests.framework; sourceTree = BUILT_PRODUCTS_DIR; };
		E3FC06081753F744D7B27BB8 /* Pods-PromoApp-PromoAppUITests.debug.xcconfig */ = {isa = PBXFileReference; includeInIndex = 1; lastKnownFileType = text.xcconfig; name = "Pods-PromoApp-PromoAppUITests.debug.xcconfig"; path = "Target Support Files/Pods-PromoApp-PromoAppUITests/Pods-PromoApp-PromoAppUITests.debug.xcconfig"; sourceTree = "<group>"; };
		F23C88A29CCB6F8099D57D28 /* Pods-PromoApp.debug.xcconfig */ = {isa = PBXFileReference; includeInIndex = 1; lastKnownFileType = text.xcconfig; name = "Pods-PromoApp.debug.xcconfig"; path = "Target Support Files/Pods-PromoApp/Pods-PromoApp.debug.xcconfig"; sourceTree = "<group>"; };
/* End PBXFileReference section */

/* Begin PBXFrameworksBuildPhase section */
		611E2C612B63A35A0088B7FC /* Frameworks */ = {
			isa = PBXFrameworksBuildPhase;
			buildActionMask = 2147483647;
			files = (
				160084F1BEDA979B4A770054 /* Pods_PromoApp.framework in Frameworks */,
			);
			runOnlyForDeploymentPostprocessing = 0;
		};
		611E2C772B63A35C0088B7FC /* Frameworks */ = {
			isa = PBXFrameworksBuildPhase;
			buildActionMask = 2147483647;
			files = (
				2E418F2C9486B0804FD7DE8F /* Pods_PromoAppTests.framework in Frameworks */,
			);
			runOnlyForDeploymentPostprocessing = 0;
		};
		611E2C812B63A35C0088B7FC /* Frameworks */ = {
			isa = PBXFrameworksBuildPhase;
			buildActionMask = 2147483647;
			files = (
				E6884FFF0D74BAE26A3964D8 /* Pods_PromoApp_PromoAppUITests.framework in Frameworks */,
			);
			runOnlyForDeploymentPostprocessing = 0;
		};
/* End PBXFrameworksBuildPhase section */

/* Begin PBXGroup section */
		610D06AB2B63AAE300721994 /* Entities */ = {
			isa = PBXGroup;
			children = (
				610D06AC2B63AAED00721994 /* Promo.swift */,
			);
			path = Entities;
			sourceTree = "<group>";
		};
		610D06B42B63F56000721994 /* Networking */ = {
			isa = PBXGroup;
			children = (
				610D06B62B63F5C500721994 /* APIConstants.swift */,
				610D06B82B63F60D00721994 /* APIRouter.swift */,
				610D06BA2B63F66C00721994 /* APIClient.swift */,
			);
			path = Networking;
			sourceTree = "<group>";
		};
		610D06BC2B63FAF700721994 /* Applications */ = {
			isa = PBXGroup;
			children = (
				611E2C692B63A35A0088B7FC /* SceneDelegate.swift */,
				611E2C672B63A35A0088B7FC /* AppDelegate.swift */,
			);
			path = Applications;
			sourceTree = "<group>";
		};
		610D06BD2B63FB0C00721994 /* Features */ = {
			isa = PBXGroup;
			children = (
				610D06BF2B63FB2F00721994 /* PromoDetail */,
				610D06BE2B63FB2400721994 /* PromoList */,
			);
			path = Features;
			sourceTree = "<group>";
		};
		610D06BE2B63FB2400721994 /* PromoList */ = {
			isa = PBXGroup;
			children = (
				610D06C72B63FF4900721994 /* Views */,
				610D06C32B63FD0100721994 /* PromoListInteractor.swift */,
				610D06C82B63FF5A00721994 /* PromoListRepository.swift */,
				610D06C52B63FF1C00721994 /* PromoListProtocols.swift */,
			);
			path = PromoList;
			sourceTree = "<group>";
		};
		610D06BF2B63FB2F00721994 /* PromoDetail */ = {
			isa = PBXGroup;
			children = (
				610D06B22B63D6C000721994 /* DetailViewController.swift */,
			);
			path = PromoDetail;
			sourceTree = "<group>";
		};
		610D06C02B63FC0100721994 /* Extensions */ = {
			isa = PBXGroup;
			children = (
				610D06C12B63FC1F00721994 /* UIImageView+Extension.swift */,
			);
			path = Extensions;
			sourceTree = "<group>";
		};
		610D06C72B63FF4900721994 /* Views */ = {
			isa = PBXGroup;
			children = (
				611E2C6B2B63A35A0088B7FC /* PromoListController.swift */,
				610D06AE2B63AE7100721994 /* PromoCardView.swift */,
				610D06B02B63BD5500721994 /* PromoCollectionViewCell.swift */,
			);
			path = Views;
			sourceTree = "<group>";
		};
		611E2C5B2B63A35A0088B7FC = {
			isa = PBXGroup;
			children = (
				611E2C662B63A35A0088B7FC /* PromoApp */,
				611E2C7D2B63A35C0088B7FC /* PromoAppTests */,
				611E2C872B63A35C0088B7FC /* PromoAppUITests */,
				611E2C652B63A35A0088B7FC /* Products */,
				C3D79E84CB26B8AE7927A650 /* Pods */,
				D070D08C00EA36041C7CB619 /* Frameworks */,
			);
			sourceTree = "<group>";
		};
		611E2C652B63A35A0088B7FC /* Products */ = {
			isa = PBXGroup;
			children = (
				611E2C642B63A35A0088B7FC /* PromoApp.app */,
				611E2C7A2B63A35C0088B7FC /* PromoAppTests.xctest */,
				611E2C842B63A35C0088B7FC /* PromoAppUITests.xctest */,
			);
			name = Products;
			sourceTree = "<group>";
		};
		611E2C662B63A35A0088B7FC /* PromoApp */ = {
			isa = PBXGroup;
			children = (
				610D06C02B63FC0100721994 /* Extensions */,
				610D06B42B63F56000721994 /* Networking */,
				610D06AB2B63AAE300721994 /* Entities */,
				610D06BC2B63FAF700721994 /* Applications */,
				610D06BD2B63FB0C00721994 /* Features */,
				611E2C702B63A35C0088B7FC /* Assets.xcassets */,
				611E2C722B63A35C0088B7FC /* LaunchScreen.storyboard */,
				611E2C752B63A35C0088B7FC /* Info.plist */,
			);
			path = PromoApp;
			sourceTree = "<group>";
		};
		611E2C7D2B63A35C0088B7FC /* PromoAppTests */ = {
			isa = PBXGroup;
			children = (
				611E2C7E2B63A35C0088B7FC /* PromoAppTests.swift */,
			);
			path = PromoAppTests;
			sourceTree = "<group>";
		};
		611E2C872B63A35C0088B7FC /* PromoAppUITests */ = {
			isa = PBXGroup;
			children = (
				611E2C882B63A35C0088B7FC /* PromoAppUITests.swift */,
				611E2C8A2B63A35C0088B7FC /* PromoAppUITestsLaunchTests.swift */,
			);
			path = PromoAppUITests;
			sourceTree = "<group>";
		};
		C3D79E84CB26B8AE7927A650 /* Pods */ = {
			isa = PBXGroup;
			children = (
				F23C88A29CCB6F8099D57D28 /* Pods-PromoApp.debug.xcconfig */,
				5B88455B8637BA1D609F543B /* Pods-PromoApp.release.xcconfig */,
				E3FC06081753F744D7B27BB8 /* Pods-PromoApp-PromoAppUITests.debug.xcconfig */,
				837A97C53527241FD9D3E658 /* Pods-PromoApp-PromoAppUITests.release.xcconfig */,
				33D1E54724A9C9B7AF4FB75C /* Pods-PromoAppTests.debug.xcconfig */,
				6B886769E5B5ADC976269BAB /* Pods-PromoAppTests.release.xcconfig */,
			);
			path = Pods;
			sourceTree = "<group>";
		};
		D070D08C00EA36041C7CB619 /* Frameworks */ = {
			isa = PBXGroup;
			children = (
				BE55925345E8FB321E9280A7 /* Pods_PromoApp.framework */,
				6891FF1ECBF217C3768A3C98 /* Pods_PromoApp_PromoAppUITests.framework */,
				E1DEE878F716BB5207BFCCBD /* Pods_PromoAppTests.framework */,
			);
			name = Frameworks;
			sourceTree = "<group>";
		};
/* End PBXGroup section */

/* Begin PBXNativeTarget section */
		611E2C632B63A35A0088B7FC /* PromoApp */ = {
			isa = PBXNativeTarget;
			buildConfigurationList = 611E2C8E2B63A35C0088B7FC /* Build configuration list for PBXNativeTarget "PromoApp" */;
			buildPhases = (
				DAB29AEF95E505550D0099D3 /* [CP] Check Pods Manifest.lock */,
				611E2C602B63A35A0088B7FC /* Sources */,
				611E2C612B63A35A0088B7FC /* Frameworks */,
				611E2C622B63A35A0088B7FC /* Resources */,
			);
			buildRules = (
			);
			dependencies = (
			);
			name = PromoApp;
			productName = PromoApp;
			productReference = 611E2C642B63A35A0088B7FC /* PromoApp.app */;
			productType = "com.apple.product-type.application";
		};
		611E2C792B63A35C0088B7FC /* PromoAppTests */ = {
			isa = PBXNativeTarget;
			buildConfigurationList = 611E2C912B63A35C0088B7FC /* Build configuration list for PBXNativeTarget "PromoAppTests" */;
			buildPhases = (
				7483D4565291802D7789983E /* [CP] Check Pods Manifest.lock */,
				611E2C762B63A35C0088B7FC /* Sources */,
				611E2C772B63A35C0088B7FC /* Frameworks */,
				611E2C782B63A35C0088B7FC /* Resources */,
			);
			buildRules = (
			);
			dependencies = (
				611E2C7C2B63A35C0088B7FC /* PBXTargetDependency */,
			);
			name = PromoAppTests;
			productName = PromoAppTests;
			productReference = 611E2C7A2B63A35C0088B7FC /* PromoAppTests.xctest */;
			productType = "com.apple.product-type.bundle.unit-test";
		};
		611E2C832B63A35C0088B7FC /* PromoAppUITests */ = {
			isa = PBXNativeTarget;
			buildConfigurationList = 611E2C942B63A35C0088B7FC /* Build configuration list for PBXNativeTarget "PromoAppUITests" */;
			buildPhases = (
				A39CFC32600A3BE0CFF68DF1 /* [CP] Check Pods Manifest.lock */,
				611E2C802B63A35C0088B7FC /* Sources */,
				611E2C812B63A35C0088B7FC /* Frameworks */,
				611E2C822B63A35C0088B7FC /* Resources */,
			);
			buildRules = (
			);
			dependencies = (
				611E2C862B63A35C0088B7FC /* PBXTargetDependency */,
			);
			name = PromoAppUITests;
			productName = PromoAppUITests;
			productReference = 611E2C842B63A35C0088B7FC /* PromoAppUITests.xctest */;
			productType = "com.apple.product-type.bundle.ui-testing";
		};
/* End PBXNativeTarget section */

/* Begin PBXProject section */
		611E2C5C2B63A35A0088B7FC /* Project object */ = {
			isa = PBXProject;
			attributes = {
				BuildIndependentTargetsInParallel = 1;
				LastSwiftUpdateCheck = 1500;
				LastUpgradeCheck = 1500;
				TargetAttributes = {
					611E2C632B63A35A0088B7FC = {
						CreatedOnToolsVersion = 15.0.1;
					};
					611E2C792B63A35C0088B7FC = {
						CreatedOnToolsVersion = 15.0.1;
						TestTargetID = 611E2C632B63A35A0088B7FC;
					};
					611E2C832B63A35C0088B7FC = {
						CreatedOnToolsVersion = 15.0.1;
						TestTargetID = 611E2C632B63A35A0088B7FC;
					};
				};
			};
			buildConfigurationList = 611E2C5F2B63A35A0088B7FC /* Build configuration list for PBXProject "PromoApp" */;
			compatibilityVersion = "Xcode 14.0";
			developmentRegion = en;
			hasScannedForEncodings = 0;
			knownRegions = (
				en,
				Base,
			);
			mainGroup = 611E2C5B2B63A35A0088B7FC;
			productRefGroup = 611E2C652B63A35A0088B7FC /* Products */;
			projectDirPath = "";
			projectRoot = "";
			targets = (
				611E2C632B63A35A0088B7FC /* PromoApp */,
				611E2C792B63A35C0088B7FC /* PromoAppTests */,
				611E2C832B63A35C0088B7FC /* PromoAppUITests */,
			);
		};
/* End PBXProject section */

/* Begin PBXResourcesBuildPhase section */
		611E2C622B63A35A0088B7FC /* Resources */ = {
			isa = PBXResourcesBuildPhase;
			buildActionMask = 2147483647;
			files = (
				611E2C742B63A35C0088B7FC /* LaunchScreen.storyboard in Resources */,
				611E2C712B63A35C0088B7FC /* Assets.xcassets in Resources */,
			);
			runOnlyForDeploymentPostprocessing = 0;
		};
		611E2C782B63A35C0088B7FC /* Resources */ = {
			isa = PBXResourcesBuildPhase;
			buildActionMask = 2147483647;
			files = (
			);
			runOnlyForDeploymentPostprocessing = 0;
		};
		611E2C822B63A35C0088B7FC /* Resources */ = {
			isa = PBXResourcesBuildPhase;
			buildActionMask = 2147483647;
			files = (
			);
			runOnlyForDeploymentPostprocessing = 0;
		};
/* End PBXResourcesBuildPhase section */

/* Begin PBXShellScriptBuildPhase section */
		7483D4565291802D7789983E /* [CP] Check Pods Manifest.lock */ = {
			isa = PBXShellScriptBuildPhase;
			buildActionMask = 2147483647;
			files = (
			);
			inputFileListPaths = (
			);
			inputPaths = (
				"${PODS_PODFILE_DIR_PATH}/Podfile.lock",
				"${PODS_ROOT}/Manifest.lock",
			);
			name = "[CP] Check Pods Manifest.lock";
			outputFileListPaths = (
			);
			outputPaths = (
				"$(DERIVED_FILE_DIR)/Pods-PromoAppTests-checkManifestLockResult.txt",
			);
			runOnlyForDeploymentPostprocessing = 0;
			shellPath = /bin/sh;
			shellScript = "diff \"${PODS_PODFILE_DIR_PATH}/Podfile.lock\" \"${PODS_ROOT}/Manifest.lock\" > /dev/null\nif [ $? != 0 ] ; then\n    # print error to STDERR\n    echo \"error: The sandbox is not in sync with the Podfile.lock. Run 'pod install' or update your CocoaPods installation.\" >&2\n    exit 1\nfi\n# This output is used by Xcode 'outputs' to avoid re-running this script phase.\necho \"SUCCESS\" > \"${SCRIPT_OUTPUT_FILE_0}\"\n";
			showEnvVarsInLog = 0;
		};
		A39CFC32600A3BE0CFF68DF1 /* [CP] Check Pods Manifest.lock */ = {
			isa = PBXShellScriptBuildPhase;
			buildActionMask = 2147483647;
			files = (
			);
			inputFileListPaths = (
			);
			inputPaths = (
				"${PODS_PODFILE_DIR_PATH}/Podfile.lock",
				"${PODS_ROOT}/Manifest.lock",
			);
			name = "[CP] Check Pods Manifest.lock";
			outputFileListPaths = (
			);
			outputPaths = (
				"$(DERIVED_FILE_DIR)/Pods-PromoApp-PromoAppUITests-checkManifestLockResult.txt",
			);
			runOnlyForDeploymentPostprocessing = 0;
			shellPath = /bin/sh;
			shellScript = "diff \"${PODS_PODFILE_DIR_PATH}/Podfile.lock\" \"${PODS_ROOT}/Manifest.lock\" > /dev/null\nif [ $? != 0 ] ; then\n    # print error to STDERR\n    echo \"error: The sandbox is not in sync with the Podfile.lock. Run 'pod install' or update your CocoaPods installation.\" >&2\n    exit 1\nfi\n# This output is used by Xcode 'outputs' to avoid re-running this script phase.\necho \"SUCCESS\" > \"${SCRIPT_OUTPUT_FILE_0}\"\n";
			showEnvVarsInLog = 0;
		};
		DAB29AEF95E505550D0099D3 /* [CP] Check Pods Manifest.lock */ = {
			isa = PBXShellScriptBuildPhase;
			buildActionMask = 2147483647;
			files = (
			);
			inputFileListPaths = (
			);
			inputPaths = (
				"${PODS_PODFILE_DIR_PATH}/Podfile.lock",
				"${PODS_ROOT}/Manifest.lock",
			);
			name = "[CP] Check Pods Manifest.lock";
			outputFileListPaths = (
			);
			outputPaths = (
				"$(DERIVED_FILE_DIR)/Pods-PromoApp-checkManifestLockResult.txt",
			);
			runOnlyForDeploymentPostprocessing = 0;
			shellPath = /bin/sh;
			shellScript = "diff \"${PODS_PODFILE_DIR_PATH}/Podfile.lock\" \"${PODS_ROOT}/Manifest.lock\" > /dev/null\nif [ $? != 0 ] ; then\n    # print error to STDERR\n    echo \"error: The sandbox is not in sync with the Podfile.lock. Run 'pod install' or update your CocoaPods installation.\" >&2\n    exit 1\nfi\n# This output is used by Xcode 'outputs' to avoid re-running this script phase.\necho \"SUCCESS\" > \"${SCRIPT_OUTPUT_FILE_0}\"\n";
			showEnvVarsInLog = 0;
		};
/* End PBXShellScriptBuildPhase section */

/* Begin PBXSourcesBuildPhase section */
		611E2C602B63A35A0088B7FC /* Sources */ = {
			isa = PBXSourcesBuildPhase;
			buildActionMask = 2147483647;
			files = (
				610D06B12B63BD5500721994 /* PromoCollectionViewCell.swift in Sources */,
				610D06C92B63FF5A00721994 /* PromoListRepository.swift in Sources */,
				610D06AF2B63AE7100721994 /* PromoCardView.swift in Sources */,
				611E2C6C2B63A35A0088B7FC /* PromoListController.swift in Sources */,
				610D06BB2B63F66C00721994 /* APIClient.swift in Sources */,
				610D06C42B63FD0100721994 /* PromoListInteractor.swift in Sources */,
				610D06C62B63FF1C00721994 /* PromoListProtocols.swift in Sources */,
				611E2C682B63A35A0088B7FC /* AppDelegate.swift in Sources */,
				610D06B72B63F5C500721994 /* APIConstants.swift in Sources */,
				611E2C6A2B63A35A0088B7FC /* SceneDelegate.swift in Sources */,
				610D06C22B63FC1F00721994 /* UIImageView+Extension.swift in Sources */,
				610D06AD2B63AAED00721994 /* Promo.swift in Sources */,
				610D06B32B63D6C000721994 /* DetailViewController.swift in Sources */,
				610D06B92B63F60D00721994 /* APIRouter.swift in Sources */,
			);
			runOnlyForDeploymentPostprocessing = 0;
		};
		611E2C762B63A35C0088B7FC /* Sources */ = {
			isa = PBXSourcesBuildPhase;
			buildActionMask = 2147483647;
			files = (
				611E2C7F2B63A35C0088B7FC /* PromoAppTests.swift in Sources */,
			);
			runOnlyForDeploymentPostprocessing = 0;
		};
		611E2C802B63A35C0088B7FC /* Sources */ = {
			isa = PBXSourcesBuildPhase;
			buildActionMask = 2147483647;
			files = (
				611E2C8B2B63A35C0088B7FC /* PromoAppUITestsLaunchTests.swift in Sources */,
				611E2C892B63A35C0088B7FC /* PromoAppUITests.swift in Sources */,
			);
			runOnlyForDeploymentPostprocessing = 0;
		};
/* End PBXSourcesBuildPhase section */

/* Begin PBXTargetDependency section */
		611E2C7C2B63A35C0088B7FC /* PBXTargetDependency */ = {
			isa = PBXTargetDependency;
			target = 611E2C632B63A35A0088B7FC /* PromoApp */;
			targetProxy = 611E2C7B2B63A35C0088B7FC /* PBXContainerItemProxy */;
		};
		611E2C862B63A35C0088B7FC /* PBXTargetDependency */ = {
			isa = PBXTargetDependency;
			target = 611E2C632B63A35A0088B7FC /* PromoApp */;
			targetProxy = 611E2C852B63A35C0088B7FC /* PBXContainerItemProxy */;
		};
/* End PBXTargetDependency section */

/* Begin PBXVariantGroup section */
		611E2C722B63A35C0088B7FC /* LaunchScreen.storyboard */ = {
			isa = PBXVariantGroup;
			children = (
				611E2C732B63A35C0088B7FC /* Base */,
			);
			name = LaunchScreen.storyboard;
			sourceTree = "<group>";
		};
/* End PBXVariantGroup section */

/* Begin XCBuildConfiguration section */
		611E2C8C2B63A35C0088B7FC /* Debug */ = {
			isa = XCBuildConfiguration;
			buildSettings = {
				ALWAYS_SEARCH_USER_PATHS = NO;
				ASSETCATALOG_COMPILER_GENERATE_SWIFT_ASSET_SYMBOL_EXTENSIONS = YES;
				CLANG_ANALYZER_NONNULL = YES;
				CLANG_ANALYZER_NUMBER_OBJECT_CONVERSION = YES_AGGRESSIVE;
				CLANG_CXX_LANGUAGE_STANDARD = "gnu++20";
				CLANG_ENABLE_MODULES = YES;
				CLANG_ENABLE_OBJC_ARC = YES;
				CLANG_ENABLE_OBJC_WEAK = YES;
				CLANG_WARN_BLOCK_CAPTURE_AUTORELEASING = YES;
				CLANG_WARN_BOOL_CONVERSION = YES;
				CLANG_WARN_COMMA = YES;
				CLANG_WARN_CONSTANT_CONVERSION = YES;
				CLANG_WARN_DEPRECATED_OBJC_IMPLEMENTATIONS = YES;
				CLANG_WARN_DIRECT_OBJC_ISA_USAGE = YES_ERROR;
				CLANG_WARN_DOCUMENTATION_COMMENTS = YES;
				CLANG_WARN_EMPTY_BODY = YES;
				CLANG_WARN_ENUM_CONVERSION = YES;
				CLANG_WARN_INFINITE_RECURSION = YES;
				CLANG_WARN_INT_CONVERSION = YES;
				CLANG_WARN_NON_LITERAL_NULL_CONVERSION = YES;
				CLANG_WARN_OBJC_IMPLICIT_RETAIN_SELF = YES;
				CLANG_WARN_OBJC_LITERAL_CONVERSION = YES;
				CLANG_WARN_OBJC_ROOT_CLASS = YES_ERROR;
				CLANG_WARN_QUOTED_INCLUDE_IN_FRAMEWORK_HEADER = YES;
				CLANG_WARN_RANGE_LOOP_ANALYSIS = YES;
				CLANG_WARN_STRICT_PROTOTYPES = YES;
				CLANG_WARN_SUSPICIOUS_MOVE = YES;
				CLANG_WARN_UNGUARDED_AVAILABILITY = YES_AGGRESSIVE;
				CLANG_WARN_UNREACHABLE_CODE = YES;
				CLANG_WARN__DUPLICATE_METHOD_MATCH = YES;
				COPY_PHASE_STRIP = NO;
				DEBUG_INFORMATION_FORMAT = dwarf;
				ENABLE_STRICT_OBJC_MSGSEND = YES;
				ENABLE_TESTABILITY = YES;
				ENABLE_USER_SCRIPT_SANDBOXING = YES;
				GCC_C_LANGUAGE_STANDARD = gnu17;
				GCC_DYNAMIC_NO_PIC = NO;
				GCC_NO_COMMON_BLOCKS = YES;
				GCC_OPTIMIZATION_LEVEL = 0;
				GCC_PREPROCESSOR_DEFINITIONS = (
					"DEBUG=1",
					"$(inherited)",
				);
				GCC_WARN_64_TO_32_BIT_CONVERSION = YES;
				GCC_WARN_ABOUT_RETURN_TYPE = YES_ERROR;
				GCC_WARN_UNDECLARED_SELECTOR = YES;
				GCC_WARN_UNINITIALIZED_AUTOS = YES_AGGRESSIVE;
				GCC_WARN_UNUSED_FUNCTION = YES;
				GCC_WARN_UNUSED_VARIABLE = YES;
				IPHONEOS_DEPLOYMENT_TARGET = 17.0;
				LOCALIZATION_PREFERS_STRING_CATALOGS = YES;
				MTL_ENABLE_DEBUG_INFO = INCLUDE_SOURCE;
				MTL_FAST_MATH = YES;
				ONLY_ACTIVE_ARCH = YES;
				SDKROOT = iphoneos;
				SWIFT_ACTIVE_COMPILATION_CONDITIONS = "DEBUG $(inherited)";
				SWIFT_OPTIMIZATION_LEVEL = "-Onone";
			};
			name = Debug;
		};
		611E2C8D2B63A35C0088B7FC /* Release */ = {
			isa = XCBuildConfiguration;
			buildSettings = {
				ALWAYS_SEARCH_USER_PATHS = NO;
				ASSETCATALOG_COMPILER_GENERATE_SWIFT_ASSET_SYMBOL_EXTENSIONS = YES;
				CLANG_ANALYZER_NONNULL = YES;
				CLANG_ANALYZER_NUMBER_OBJECT_CONVERSION = YES_AGGRESSIVE;
				CLANG_CXX_LANGUAGE_STANDARD = "gnu++20";
				CLANG_ENABLE_MODULES = YES;
				CLANG_ENABLE_OBJC_ARC = YES;
				CLANG_ENABLE_OBJC_WEAK = YES;
				CLANG_WARN_BLOCK_CAPTURE_AUTORELEASING = YES;
				CLANG_WARN_BOOL_CONVERSION = YES;
				CLANG_WARN_COMMA = YES;
				CLANG_WARN_CONSTANT_CONVERSION = YES;
				CLANG_WARN_DEPRECATED_OBJC_IMPLEMENTATIONS = YES;
				CLANG_WARN_DIRECT_OBJC_ISA_USAGE = YES_ERROR;
				CLANG_WARN_DOCUMENTATION_COMMENTS = YES;
				CLANG_WARN_EMPTY_BODY = YES;
				CLANG_WARN_ENUM_CONVERSION = YES;
				CLANG_WARN_INFINITE_RECURSION = YES;
				CLANG_WARN_INT_CONVERSION = YES;
				CLANG_WARN_NON_LITERAL_NULL_CONVERSION = YES;
				CLANG_WARN_OBJC_IMPLICIT_RETAIN_SELF = YES;
				CLANG_WARN_OBJC_LITERAL_CONVERSION = YES;
				CLANG_WARN_OBJC_ROOT_CLASS = YES_ERROR;
				CLANG_WARN_QUOTED_INCLUDE_IN_FRAMEWORK_HEADER = YES;
				CLANG_WARN_RANGE_LOOP_ANALYSIS = YES;
				CLANG_WARN_STRICT_PROTOTYPES = YES;
				CLANG_WARN_SUSPICIOUS_MOVE = YES;
				CLANG_WARN_UNGUARDED_AVAILABILITY = YES_AGGRESSIVE;
				CLANG_WARN_UNREACHABLE_CODE = YES;
				CLANG_WARN__DUPLICATE_METHOD_MATCH = YES;
				COPY_PHASE_STRIP = NO;
				DEBUG_INFORMATION_FORMAT = "dwarf-with-dsym";
				ENABLE_NS_ASSERTIONS = NO;
				ENABLE_STRICT_OBJC_MSGSEND = YES;
				ENABLE_USER_SCRIPT_SANDBOXING = YES;
				GCC_C_LANGUAGE_STANDARD = gnu17;
				GCC_NO_COMMON_BLOCKS = YES;
				GCC_WARN_64_TO_32_BIT_CONVERSION = YES;
				GCC_WARN_ABOUT_RETURN_TYPE = YES_ERROR;
				GCC_WARN_UNDECLARED_SELECTOR = YES;
				GCC_WARN_UNINITIALIZED_AUTOS = YES_AGGRESSIVE;
				GCC_WARN_UNUSED_FUNCTION = YES;
				GCC_WARN_UNUSED_VARIABLE = YES;
				IPHONEOS_DEPLOYMENT_TARGET = 17.0;
				LOCALIZATION_PREFERS_STRING_CATALOGS = YES;
				MTL_ENABLE_DEBUG_INFO = NO;
				MTL_FAST_MATH = YES;
				SDKROOT = iphoneos;
				SWIFT_COMPILATION_MODE = wholemodule;
				VALIDATE_PRODUCT = YES;
			};
			name = Release;
		};
		611E2C8F2B63A35C0088B7FC /* Debug */ = {
			isa = XCBuildConfiguration;
			baseConfigurationReference = F23C88A29CCB6F8099D57D28 /* Pods-PromoApp.debug.xcconfig */;
			buildSettings = {
				ASSETCATALOG_COMPILER_APPICON_NAME = AppIcon;
				ASSETCATALOG_COMPILER_GLOBAL_ACCENT_COLOR_NAME = AccentColor;
				CODE_SIGN_STYLE = Automatic;
				CURRENT_PROJECT_VERSION = 1;
				DEVELOPMENT_TEAM = BBJ66M42MQ;
				GENERATE_INFOPLIST_FILE = YES;
				INFOPLIST_FILE = PromoApp/Info.plist;
				INFOPLIST_KEY_UIApplicationSupportsIndirectInputEvents = YES;
				INFOPLIST_KEY_UILaunchStoryboardName = LaunchScreen;
				INFOPLIST_KEY_UISupportedInterfaceOrientations_iPad = "UIInterfaceOrientationPortrait UIInterfaceOrientationPortraitUpsideDown UIInterfaceOrientationLandscapeLeft UIInterfaceOrientationLandscapeRight";
				INFOPLIST_KEY_UISupportedInterfaceOrientations_iPhone = "UIInterfaceOrientationPortrait UIInterfaceOrientationLandscapeLeft UIInterfaceOrientationLandscapeRight";
				LD_RUNPATH_SEARCH_PATHS = (
					"$(inherited)",
					"@executable_path/Frameworks",
				);
				MARKETING_VERSION = 1.0;
				PRODUCT_BUNDLE_IDENTIFIER = com.rolibernanda.PromoApp;
				PRODUCT_NAME = "$(TARGET_NAME)";
				SWIFT_EMIT_LOC_STRINGS = YES;
				SWIFT_VERSION = 5.0;
				TARGETED_DEVICE_FAMILY = "1,2";
			};
			name = Debug;
		};
		611E2C902B63A35C0088B7FC /* Release */ = {
			isa = XCBuildConfiguration;
			baseConfigurationReference = 5B88455B8637BA1D609F543B /* Pods-PromoApp.release.xcconfig */;
			buildSettings = {
				ASSETCATALOG_COMPILER_APPICON_NAME = AppIcon;
				ASSETCATALOG_COMPILER_GLOBAL_ACCENT_COLOR_NAME = AccentColor;
				CODE_SIGN_STYLE = Automatic;
				CURRENT_PROJECT_VERSION = 1;
				DEVELOPMENT_TEAM = BBJ66M42MQ;
				GENERATE_INFOPLIST_FILE = YES;
				INFOPLIST_FILE = PromoApp/Info.plist;
				INFOPLIST_KEY_UIApplicationSupportsIndirectInputEvents = YES;
				INFOPLIST_KEY_UILaunchStoryboardName = LaunchScreen;
				INFOPLIST_KEY_UISupportedInterfaceOrientations_iPad = "UIInterfaceOrientationPortrait UIInterfaceOrientationPortraitUpsideDown UIInterfaceOrientationLandscapeLeft UIInterfaceOrientationLandscapeRight";
				INFOPLIST_KEY_UISupportedInterfaceOrientations_iPhone = "UIInterfaceOrientationPortrait UIInterfaceOrientationLandscapeLeft UIInterfaceOrientationLandscapeRight";
				LD_RUNPATH_SEARCH_PATHS = (
					"$(inherited)",
					"@executable_path/Frameworks",
				);
				MARKETING_VERSION = 1.0;
				PRODUCT_BUNDLE_IDENTIFIER = com.rolibernanda.PromoApp;
				PRODUCT_NAME = "$(TARGET_NAME)";
				SWIFT_EMIT_LOC_STRINGS = YES;
				SWIFT_VERSION = 5.0;
				TARGETED_DEVICE_FAMILY = "1,2";
			};
			name = Release;
		};
		611E2C922B63A35C0088B7FC /* Debug */ = {
			isa = XCBuildConfiguration;
			baseConfigurationReference = 33D1E54724A9C9B7AF4FB75C /* Pods-PromoAppTests.debug.xcconfig */;
			buildSettings = {
				ALWAYS_EMBED_SWIFT_STANDARD_LIBRARIES = YES;
				BUNDLE_LOADER = "$(TEST_HOST)";
				CODE_SIGN_STYLE = Automatic;
				CURRENT_PROJECT_VERSION = 1;
				DEVELOPMENT_TEAM = BBJ66M42MQ;
				GENERATE_INFOPLIST_FILE = YES;
				IPHONEOS_DEPLOYMENT_TARGET = 17.0;
				MARKETING_VERSION = 1.0;
				PRODUCT_BUNDLE_IDENTIFIER = com.rolibernanda.PromoAppTests;
				PRODUCT_NAME = "$(TARGET_NAME)";
				SWIFT_EMIT_LOC_STRINGS = NO;
				SWIFT_VERSION = 5.0;
				TARGETED_DEVICE_FAMILY = "1,2";
				TEST_HOST = "$(BUILT_PRODUCTS_DIR)/PromoApp.app/$(BUNDLE_EXECUTABLE_FOLDER_PATH)/PromoApp";
			};
			name = Debug;
		};
		611E2C932B63A35C0088B7FC /* Release */ = {
			isa = XCBuildConfiguration;
			baseConfigurationReference = 6B886769E5B5ADC976269BAB /* Pods-PromoAppTests.release.xcconfig */;
			buildSettings = {
				ALWAYS_EMBED_SWIFT_STANDARD_LIBRARIES = YES;
				BUNDLE_LOADER = "$(TEST_HOST)";
				CODE_SIGN_STYLE = Automatic;
				CURRENT_PROJECT_VERSION = 1;
				DEVELOPMENT_TEAM = BBJ66M42MQ;
				GENERATE_INFOPLIST_FILE = YES;
				IPHONEOS_DEPLOYMENT_TARGET = 17.0;
				MARKETING_VERSION = 1.0;
				PRODUCT_BUNDLE_IDENTIFIER = com.rolibernanda.PromoAppTests;
				PRODUCT_NAME = "$(TARGET_NAME)";
				SWIFT_EMIT_LOC_STRINGS = NO;
				SWIFT_VERSION = 5.0;
				TARGETED_DEVICE_FAMILY = "1,2";
				TEST_HOST = "$(BUILT_PRODUCTS_DIR)/PromoApp.app/$(BUNDLE_EXECUTABLE_FOLDER_PATH)/PromoApp";
			};
			name = Release;
		};
		611E2C952B63A35C0088B7FC /* Debug */ = {
			isa = XCBuildConfiguration;
			baseConfigurationReference = E3FC06081753F744D7B27BB8 /* Pods-PromoApp-PromoAppUITests.debug.xcconfig */;
			buildSettings = {
				ALWAYS_EMBED_SWIFT_STANDARD_LIBRARIES = YES;
				CODE_SIGN_STYLE = Automatic;
				CURRENT_PROJECT_VERSION = 1;
				DEVELOPMENT_TEAM = BBJ66M42MQ;
				GENERATE_INFOPLIST_FILE = YES;
				MARKETING_VERSION = 1.0;
				PRODUCT_BUNDLE_IDENTIFIER = com.rolibernanda.PromoAppUITests;
				PRODUCT_NAME = "$(TARGET_NAME)";
				SWIFT_EMIT_LOC_STRINGS = NO;
				SWIFT_VERSION = 5.0;
				TARGETED_DEVICE_FAMILY = "1,2";
				TEST_TARGET_NAME = PromoApp;
			};
			name = Debug;
		};
		611E2C962B63A35C0088B7FC /* Release */ = {
			isa = XCBuildConfiguration;
			baseConfigurationReference = 837A97C53527241FD9D3E658 /* Pods-PromoApp-PromoAppUITests.release.xcconfig */;
			buildSettings = {
				ALWAYS_EMBED_SWIFT_STANDARD_LIBRARIES = YES;
				CODE_SIGN_STYLE = Automatic;
				CURRENT_PROJECT_VERSION = 1;
				DEVELOPMENT_TEAM = BBJ66M42MQ;
				GENERATE_INFOPLIST_FILE = YES;
				MARKETING_VERSION = 1.0;
				PRODUCT_BUNDLE_IDENTIFIER = com.rolibernanda.PromoAppUITests;
				PRODUCT_NAME = "$(TARGET_NAME)";
				SWIFT_EMIT_LOC_STRINGS = NO;
				SWIFT_VERSION = 5.0;
				TARGETED_DEVICE_FAMILY = "1,2";
				TEST_TARGET_NAME = PromoApp;
			};
			name = Release;
		};
/* End XCBuildConfiguration section */

/* Begin XCConfigurationList section */
		611E2C5F2B63A35A0088B7FC /* Build configuration list for PBXProject "PromoApp" */ = {
			isa = XCConfigurationList;
			buildConfigurations = (
				611E2C8C2B63A35C0088B7FC /* Debug */,
				611E2C8D2B63A35C0088B7FC /* Release */,
			);
			defaultConfigurationIsVisible = 0;
			defaultConfigurationName = Release;
		};
		611E2C8E2B63A35C0088B7FC /* Build configuration list for PBXNativeTarget "PromoApp" */ = {
			isa = XCConfigurationList;
			buildConfigurations = (
				611E2C8F2B63A35C0088B7FC /* Debug */,
				611E2C902B63A35C0088B7FC /* Release */,
			);
			defaultConfigurationIsVisible = 0;
			defaultConfigurationName = Release;
		};
		611E2C912B63A35C0088B7FC /* Build configuration list for PBXNativeTarget "PromoAppTests" */ = {
			isa = XCConfigurationList;
			buildConfigurations = (
				611E2C922B63A35C0088B7FC /* Debug */,
				611E2C932B63A35C0088B7FC /* Release */,
			);
			defaultConfigurationIsVisible = 0;
			defaultConfigurationName = Release;
		};
		611E2C942B63A35C0088B7FC /* Build configuration list for PBXNativeTarget "PromoAppUITests" */ = {
			isa = XCConfigurationList;
			buildConfigurations = (
				611E2C952B63A35C0088B7FC /* Debug */,
				611E2C962B63A35C0088B7FC /* Release */,
			);
			defaultConfigurationIsVisible = 0;
			defaultConfigurationName = Release;
		};
/* End XCConfigurationList section */
	};
	rootObject = 611E2C5C2B63A35A0088B7FC /* Project object */;
}
